
Microsoft Visual Studio Solution File, Format Version 12.00
# Visual Studio Version 16
VisualStudioVersion = 16.0.29709.97
MinimumVisualStudioVersion = 10.0.40219.1
Project("{8BC9CEB8-8B4A-11D0-8D11-00A0C91BC942}") = "work_1", "work_1\work_1.vcxproj", "{B7E6F971-6507-40D4-850D-E54C2DD3922F}"
EndProject
Global
	GlobalSection(SolutionConfigurationPlatforms) = preSolution
		Debug|x64 = Debug|x64
		Debug|x86 = Debug|x86
		Release|x64 = Release|x64
		Release|x86 = Release|x86
	EndGlobalSection
	GlobalSection(ProjectConfigurationPlatforms) = postSolution
		{B7E6F971-6507-40D4-850D-E54C2DD3922F}.Debug|x64.ActiveCfg = Debug|x64
		{B7E6F971-6507-40D4-850D-E54C2DD3922F}.Debug|x64.Build.0 = Debug|x64
		{B7E6F971-6507-40D4-850D-E54C2DD3922F}.Debug|x86.ActiveCfg = Debug|Win32
		{B7E6F971-6507-40D4-850D-E54C2DD3922F}.Debug|x86.Build.0 = Debug|Win32
		{B7E6F971-6507-40D4-850D-E54C2DD3922F}.Release|x64.ActiveCfg = Release|x64
		{B7E6F971-6507-40D4-850D-E54C2DD3922F}.Release|x64.Build.0 = Release|x64
		{B7E6F971-6507-40D4-850D-E54C2DD3922F}.Release|x86.ActiveCfg = Release|Win32
		{B7E6F971-6507-40D4-850D-E54C2DD3922F}.Release|x86.Build.0 = Release|Win32
	EndGlobalSection
	GlobalSection(SolutionProperties) = preSolution
		HideSolutionNode = FALSE
	EndGlobalSection
	GlobalSection(ExtensibilityGlobals) = postSolution
		SolutionGuid = {F387E64C-E8BB-4122-BC52-3D341584EC16}
	EndGlobalSection
EndGlobal
