
Microsoft Visual Studio Solution File, Format Version 12.00
# Visual Studio Version 16
VisualStudioVersion = 16.0.29709.97
MinimumVisualStudioVersion = 10.0.40219.1
Project("{8BC9CEB8-8B4A-11D0-8D11-00A0C91BC942}") = "work_1", "work_1\work_1.vcxproj", "{FDD1BE91-90D0-46CE-A69A-85EBC12D2A4B}"
EndProject
Global
	GlobalSection(SolutionConfigurationPlatforms) = preSolution
		Debug|x64 = Debug|x64
		Debug|x86 = Debug|x86
		Release|x64 = Release|x64
		Release|x86 = Release|x86
	EndGlobalSection
	GlobalSection(ProjectConfigurationPlatforms) = postSolution
		{FDD1BE91-90D0-46CE-A69A-85EBC12D2A4B}.Debug|x64.ActiveCfg = Debug|x64
		{FDD1BE91-90D0-46CE-A69A-85EBC12D2A4B}.Debug|x64.Build.0 = Debug|x64
		{FDD1BE91-90D0-46CE-A69A-85EBC12D2A4B}.Debug|x86.ActiveCfg = Debug|Win32
		{FDD1BE91-90D0-46CE-A69A-85EBC12D2A4B}.Debug|x86.Build.0 = Debug|Win32
		{FDD1BE91-90D0-46CE-A69A-85EBC12D2A4B}.Release|x64.ActiveCfg = Release|x64
		{FDD1BE91-90D0-46CE-A69A-85EBC12D2A4B}.Release|x64.Build.0 = Release|x64
		{FDD1BE91-90D0-46CE-A69A-85EBC12D2A4B}.Release|x86.ActiveCfg = Release|Win32
		{FDD1BE91-90D0-46CE-A69A-85EBC12D2A4B}.Release|x86.Build.0 = Release|Win32
	EndGlobalSection
	GlobalSection(SolutionProperties) = preSolution
		HideSolutionNode = FALSE
	EndGlobalSection
	GlobalSection(ExtensibilityGlobals) = postSolution
		SolutionGuid = {F278C122-BF27-4329-B1B7-0CDDFA4ABAF9}
	EndGlobalSection
EndGlobal
